
Microsoft Visual Studio Solution File, Format Version 12.00
# Visual Studio Version 17
VisualStudioVersion = 17.3.32825.248
MinimumVisualStudioVersion = 10.0.40219.1
Project("{FAE04EC0-301F-11D3-BF4B-00C04F79EFBC}") = "extract-xiso-gui", "extract-xiso-gui\extract-xiso-gui.csproj", "{B3231654-31E1-4B4B-AA32-CF0D51B75566}"
EndProject
Global
	GlobalSection(SolutionConfigurationPlatforms) = preSolution
		Debug|Any CPU = Debug|Any CPU
		Release|Any CPU = Release|Any CPU
	EndGlobalSection
	GlobalSection(ProjectConfigurationPlatforms) = postSolution
		{B3231654-31E1-4B4B-AA32-CF0D51B75566}.Debug|Any CPU.ActiveCfg = Debug|Any CPU
		{B3231654-31E1-4B4B-AA32-CF0D51B75566}.Debug|Any CPU.Build.0 = Debug|Any CPU
		{B3231654-31E1-4B4B-AA32-CF0D51B75566}.Release|Any CPU.ActiveCfg = Release|Any CPU
		{B3231654-31E1-4B4B-AA32-CF0D51B75566}.Release|Any CPU.Build.0 = Release|Any CPU
	EndGlobalSection
	GlobalSection(SolutionProperties) = preSolution
		HideSolutionNode = FALSE
	EndGlobalSection
	GlobalSection(ExtensibilityGlobals) = postSolution
		SolutionGuid = {E29CC160-79B6-4AB1-AC6E-56E5E297670F}
	EndGlobalSection
EndGlobal
